
Microsoft Visual Studio Solution File, Format Version 12.00
# Visual Studio 14
VisualStudioVersion = 14.0.25420.1
MinimumVisualStudioVersion = 10.0.40219.1
Project("{FAE04EC0-301F-11D3-BF4B-00C04F79EFBC}") = "TestTemplateConsoleApp", "TestTemplateConsoleApp\TestTemplateConsoleApp.csproj", "{FB51B139-A7BC-4CAC-95FE-B4DD294F8C1E}"
EndProject
Project("{FAE04EC0-301F-11D3-BF4B-00C04F79EFBC}") = "Tests", "Tests\Tests.csproj", "{A0670BC0-5832-4A95-BD1D-027EFEEB2AFF}"
EndProject
Project("{FAE04EC0-301F-11D3-BF4B-00C04F79EFBC}") = "ProblemsLibrary", "ProblemsLibrary\ProblemsLibrary.csproj", "{D260424F-A5F4-47B6-881C-91E8771E34D6}"
EndProject
Project("{FAE04EC0-301F-11D3-BF4B-00C04F79EFBC}") = "SortsLibrary", "SortsLibrary\SortsLibrary.csproj", "{907582A8-D457-4FA9-BF90-CA9C23AECB8D}"
EndProject
Global
	GlobalSection(SolutionConfigurationPlatforms) = preSolution
		Debug|Any CPU = Debug|Any CPU
		Debug|x64 = Debug|x64
		Release|Any CPU = Release|Any CPU
		Release|x64 = Release|x64
	EndGlobalSection
	GlobalSection(ProjectConfigurationPlatforms) = postSolution
		{FB51B139-A7BC-4CAC-95FE-B4DD294F8C1E}.Debug|Any CPU.ActiveCfg = Debug|Any CPU
		{FB51B139-A7BC-4CAC-95FE-B4DD294F8C1E}.Debug|Any CPU.Build.0 = Debug|Any CPU
		{FB51B139-A7BC-4CAC-95FE-B4DD294F8C1E}.Debug|x64.ActiveCfg = Debug|Any CPU
		{FB51B139-A7BC-4CAC-95FE-B4DD294F8C1E}.Debug|x64.Build.0 = Debug|Any CPU
		{FB51B139-A7BC-4CAC-95FE-B4DD294F8C1E}.Release|Any CPU.ActiveCfg = Release|Any CPU
		{FB51B139-A7BC-4CAC-95FE-B4DD294F8C1E}.Release|Any CPU.Build.0 = Release|Any CPU
		{FB51B139-A7BC-4CAC-95FE-B4DD294F8C1E}.Release|x64.ActiveCfg = Release|x64
		{FB51B139-A7BC-4CAC-95FE-B4DD294F8C1E}.Release|x64.Build.0 = Release|x64
		{A0670BC0-5832-4A95-BD1D-027EFEEB2AFF}.Debug|Any CPU.ActiveCfg = Debug|Any CPU
		{A0670BC0-5832-4A95-BD1D-027EFEEB2AFF}.Debug|Any CPU.Build.0 = Debug|Any CPU
		{A0670BC0-5832-4A95-BD1D-027EFEEB2AFF}.Debug|Any CPU.Deploy.0 = Debug|Any CPU
		{A0670BC0-5832-4A95-BD1D-027EFEEB2AFF}.Debug|x64.ActiveCfg = Debug|Any CPU
		{A0670BC0-5832-4A95-BD1D-027EFEEB2AFF}.Debug|x64.Build.0 = Debug|Any CPU
		{A0670BC0-5832-4A95-BD1D-027EFEEB2AFF}.Release|Any CPU.ActiveCfg = Release|Any CPU
		{A0670BC0-5832-4A95-BD1D-027EFEEB2AFF}.Release|Any CPU.Build.0 = Release|Any CPU
		{A0670BC0-5832-4A95-BD1D-027EFEEB2AFF}.Release|x64.ActiveCfg = Release|Any CPU
		{A0670BC0-5832-4A95-BD1D-027EFEEB2AFF}.Release|x64.Build.0 = Release|Any CPU
		{D260424F-A5F4-47B6-881C-91E8771E34D6}.Debug|Any CPU.ActiveCfg = Debug|Any CPU
		{D260424F-A5F4-47B6-881C-91E8771E34D6}.Debug|Any CPU.Build.0 = Debug|Any CPU
		{D260424F-A5F4-47B6-881C-91E8771E34D6}.Debug|x64.ActiveCfg = Debug|Any CPU
		{D260424F-A5F4-47B6-881C-91E8771E34D6}.Debug|x64.Build.0 = Debug|Any CPU
		{D260424F-A5F4-47B6-881C-91E8771E34D6}.Release|Any CPU.ActiveCfg = Release|Any CPU
		{D260424F-A5F4-47B6-881C-91E8771E34D6}.Release|Any CPU.Build.0 = Release|Any CPU
		{D260424F-A5F4-47B6-881C-91E8771E34D6}.Release|x64.ActiveCfg = Release|Any CPU
		{D260424F-A5F4-47B6-881C-91E8771E34D6}.Release|x64.Build.0 = Release|Any CPU
		{907582A8-D457-4FA9-BF90-CA9C23AECB8D}.Debug|Any CPU.ActiveCfg = Debug|Any CPU
		{907582A8-D457-4FA9-BF90-CA9C23AECB8D}.Debug|Any CPU.Build.0 = Debug|Any CPU
		{907582A8-D457-4FA9-BF90-CA9C23AECB8D}.Debug|x64.ActiveCfg = Debug|Any CPU
		{907582A8-D457-4FA9-BF90-CA9C23AECB8D}.Debug|x64.Build.0 = Debug|Any CPU
		{907582A8-D457-4FA9-BF90-CA9C23AECB8D}.Release|Any CPU.ActiveCfg = Release|Any CPU
		{907582A8-D457-4FA9-BF90-CA9C23AECB8D}.Release|Any CPU.Build.0 = Release|Any CPU
		{907582A8-D457-4FA9-BF90-CA9C23AECB8D}.Release|x64.ActiveCfg = Release|Any CPU
		{907582A8-D457-4FA9-BF90-CA9C23AECB8D}.Release|x64.Build.0 = Release|Any CPU
	EndGlobalSection
	GlobalSection(SolutionProperties) = preSolution
		HideSolutionNode = FALSE
	EndGlobalSection
EndGlobal
